// !$*UTF8*$!
{
	archiveVersion = 1;
	classes = {
	};
	objectVersion = 46;
	objects = {

/* Begin PBXBuildFile section */
		D43D27671AF98B8A0077B3AB /* AppDelegate.swift in Sources */ = {isa = PBXBuildFile; fileRef = D43D27661AF98B8A0077B3AB /* AppDelegate.swift */; };
		D43D27691AF98B8A0077B3AB /* ViewController.swift in Sources */ = {isa = PBXBuildFile; fileRef = D43D27681AF98B8A0077B3AB /* ViewController.swift */; };
		D43D276C1AF98B8A0077B3AB /* Main.storyboard in Resources */ = {isa = PBXBuildFile; fileRef = D43D276A1AF98B8A0077B3AB /* Main.storyboard */; };
		D43D276E1AF98B8A0077B3AB /* Images.xcassets in Resources */ = {isa = PBXBuildFile; fileRef = D43D276D1AF98B8A0077B3AB /* Images.xcassets */; };
		D43D27711AF98B8A0077B3AB /* LaunchScreen.xib in Resources */ = {isa = PBXBuildFile; fileRef = D43D276F1AF98B8A0077B3AB /* LaunchScreen.xib */; };
		D43D277D1AF98B8A0077B3AB /* Button_FunTests.swift in Sources */ = {isa = PBXBuildFile; fileRef = D43D277C1AF98B8A0077B3AB /* Button_FunTests.swift */; };
/* End PBXBuildFile section */

/* Begin PBXContainerItemProxy section */
		D43D27771AF98B8A0077B3AB /* PBXContainerItemProxy */ = {
			isa = PBXContainerItemProxy;
			containerPortal = D43D27591AF98B8A0077B3AB /* Project object */;
			proxyType = 1;
			remoteGlobalIDString = D43D27601AF98B8A0077B3AB;
			remoteInfo = "Button Fun";
		};
/* End PBXContainerItemProxy section */

/* Begin PBXFileReference section */
		D43D27611AF98B8A0077B3AB /* Button Fun.app */ = {isa = PBXFileReference; explicitFileType = wrapper.application; includeInIndex = 0; path = "Button Fun.app"; sourceTree = BUILT_PRODUCTS_DIR; };
		D43D27651AF98B8A0077B3AB /* Info.plist */ = {isa = PBXFileReference; lastKnownFileType = text.plist.xml; path = Info.plist; sourceTree = "<group>"; };
		D43D27661AF98B8A0077B3AB /* AppDelegate.swift */ = {isa = PBXFileReference; lastKnownFileType = sourcecode.swift; path = AppDelegate.swift; sourceTree = "<group>"; };
		D43D27681AF98B8A0077B3AB /* ViewController.swift */ = {isa = PBXFileReference; lastKnownFileType = sourcecode.swift; path = ViewController.swift; sourceTree = "<group>"; };
		D43D276B1AF98B8A0077B3AB /* Base */ = {isa = PBXFileReference; lastKnownFileType = file.storyboard; name = Base; path = Base.lproj/Main.storyboard; sourceTree = "<group>"; };
		D43D276D1AF98B8A0077B3AB /* Images.xcassets */ = {isa = PBXFileReference; lastKnownFileType = folder.assetcatalog; path = Images.xcassets; sourceTree = "<group>"; };
		D43D27701AF98B8A0077B3AB /* Base */ = {isa = PBXFileReference; lastKnownFileType = file.xib; name = Base; path = Base.lproj/LaunchScreen.xib; sourceTree = "<group>"; };
		D43D27761AF98B8A0077B3AB /* Button FunTests.xctest */ = {isa = PBXFileReference; explicitFileType = wrapper.cfbundle; includeInIndex = 0; path = "Button FunTests.xctest"; sourceTree = BUILT_PRODUCTS_DIR; };
		D43D277B1AF98B8A0077B3AB /* Info.plist */ = {isa = PBXFileReference; lastKnownFileType = text.plist.xml; path = Info.plist; sourceTree = "<group>"; };
		D43D277C1AF98B8A0077B3AB /* Button_FunTests.swift */ = {isa = PBXFileReference; lastKnownFileType = sourcecode.swift; path = Button_FunTests.swift; sourceTree = "<group>"; };
/* End PBXFileReference section */

/* Begin PBXFrameworksBuildPhase section */
		D43D275E1AF98B8A0077B3AB /* Frameworks */ = {
			isa = PBXFrameworksBuildPhase;
			buildActionMask = 2147483647;
			files = (
			);
			runOnlyForDeploymentPostprocessing = 0;
		};
		D43D27731AF98B8A0077B3AB /* Frameworks */ = {
			isa = PBXFrameworksBuildPhase;
			buildActionMask = 2147483647;
			files = (
			);
			runOnlyForDeploymentPostprocessing = 0;
		};
/* End PBXFrameworksBuildPhase section */

/* Begin PBXGroup section */
		D43D27581AF98B8A0077B3AB = {
			isa = PBXGroup;
			children = (
				D43D27631AF98B8A0077B3AB /* Button Fun */,
				D43D27791AF98B8A0077B3AB /* Button FunTests */,
				D43D27621AF98B8A0077B3AB /* Products */,
			);
			sourceTree = "<group>";
		};
		D43D27621AF98B8A0077B3AB /* Products */ = {
			isa = PBXGroup;
			children = (
				D43D27611AF98B8A0077B3AB /* Button Fun.app */,
				D43D27761AF98B8A0077B3AB /* Button FunTests.xctest */,
			);
			name = Products;
			sourceTree = "<group>";
		};
		D43D27631AF98B8A0077B3AB /* Button Fun */ = {
			isa = PBXGroup;
			children = (
				D43D27661AF98B8A0077B3AB /* AppDelegate.swift */,
				D43D27681AF98B8A0077B3AB /* ViewController.swift */,
				D43D276A1AF98B8A0077B3AB /* Main.storyboard */,
				D43D276D1AF98B8A0077B3AB /* Images.xcassets */,
				D43D276F1AF98B8A0077B3AB /* LaunchScreen.xib */,
				D43D27641AF98B8A0077B3AB /* Supporting Files */,
			);
			path = "Button Fun";
			sourceTree = "<group>";
		};
		D43D27641AF98B8A0077B3AB /* Supporting Files */ = {
			isa = PBXGroup;
			children = (
				D43D27651AF98B8A0077B3AB /* Info.plist */,
			);
			name = "Supporting Files";
			sourceTree = "<group>";
		};
		D43D27791AF98B8A0077B3AB /* Button FunTests */ = {
			isa = PBXGroup;
			children = (
				D43D277C1AF98B8A0077B3AB /* Button_FunTests.swift */,
				D43D277A1AF98B8A0077B3AB /* Supporting Files */,
			);
			path = "Button FunTests";
			sourceTree = "<group>";
		};
		D43D277A1AF98B8A0077B3AB /* Supporting Files */ = {
			isa = PBXGroup;
			children = (
				D43D277B1AF98B8A0077B3AB /* Info.plist */,
			);
			name = "Supporting Files";
			sourceTree = "<group>";
		};
/* End PBXGroup section */

/* Begin PBXNativeTarget section */
		D43D27601AF98B8A0077B3AB /* Button Fun */ = {
			isa = PBXNativeTarget;
			buildConfigurationList = D43D27801AF98B8A0077B3AB /* Build configuration list for PBXNativeTarget "Button Fun" */;
			buildPhases = (
				D43D275D1AF98B8A0077B3AB /* Sources */,
				D43D275E1AF98B8A0077B3AB /* Frameworks */,
				D43D275F1AF98B8A0077B3AB /* Resources */,
			);
			buildRules = (
			);
			dependencies = (
			);
			name = "Button Fun";
			productName = "Button Fun";
			productReference = D43D27611AF98B8A0077B3AB /* Button Fun.app */;
			productType = "com.apple.product-type.application";
		};
		D43D27751AF98B8A0077B3AB /* Button FunTests */ = {
			isa = PBXNativeTarget;
			buildConfigurationList = D43D27831AF98B8A0077B3AB /* Build configuration list for PBXNativeTarget "Button FunTests" */;
			buildPhases = (
				D43D27721AF98B8A0077B3AB /* Sources */,
				D43D27731AF98B8A0077B3AB /* Frameworks */,
				D43D27741AF98B8A0077B3AB /* Resources */,
			);
			buildRules = (
			);
			dependencies = (
				D43D27781AF98B8A0077B3AB /* PBXTargetDependency */,
			);
			name = "Button FunTests";
			productName = "Button FunTests";
			productReference = D43D27761AF98B8A0077B3AB /* Button FunTests.xctest */;
			productType = "com.apple.product-type.bundle.unit-test";
		};
/* End PBXNativeTarget section */

/* Begin PBXProject section */
		D43D27591AF98B8A0077B3AB /* Project object */ = {
			isa = PBXProject;
			attributes = {
				LastUpgradeCheck = 0630;
				ORGANIZATIONNAME = Apress;
				TargetAttributes = {
					D43D27601AF98B8A0077B3AB = {
						CreatedOnToolsVersion = 6.3.1;
					};
					D43D27751AF98B8A0077B3AB = {
						CreatedOnToolsVersion = 6.3.1;
						TestTargetID = D43D27601AF98B8A0077B3AB;
					};
				};
			};
			buildConfigurationList = D43D275C1AF98B8A0077B3AB /* Build configuration list for PBXProject "Button Fun" */;
			compatibilityVersion = "Xcode 3.2";
			developmentRegion = English;
			hasScannedForEncodings = 0;
			knownRegions = (
				en,
				Base,
			);
			mainGroup = D43D27581AF98B8A0077B3AB;
			productRefGroup = D43D27621AF98B8A0077B3AB /* Products */;
			projectDirPath = "";
			projectRoot = "";
			targets = (
				D43D27601AF98B8A0077B3AB /* Button Fun */,
				D43D27751AF98B8A0077B3AB /* Button FunTests */,
			);
		};
/* End PBXProject section */

/* Begin PBXResourcesBuildPhase section */
		D43D275F1AF98B8A0077B3AB /* Resources */ = {
			isa = PBXResourcesBuildPhase;
			buildActionMask = 2147483647;
			files = (
				D43D276C1AF98B8A0077B3AB /* Main.storyboard in Resources */,
				D43D27711AF98B8A0077B3AB /* LaunchScreen.xib in Resources */,
				D43D276E1AF98B8A0077B3AB /* Images.xcassets in Resources */,
			);
			runOnlyForDeploymentPostprocessing = 0;
		};
		D43D27741AF98B8A0077B3AB /* Resources */ = {
			isa = PBXResourcesBuildPhase;
			buildActionMask = 2147483647;
			files = (
			);
			runOnlyForDeploymentPostprocessing = 0;
		};
/* End PBXResourcesBuildPhase section */

/* Begin PBXSourcesBuildPhase section */
		D43D275D1AF98B8A0077B3AB /* Sources */ = {
			isa = PBXSourcesBuildPhase;
			buildActionMask = 2147483647;
			files = (
				D43D27691AF98B8A0077B3AB /* ViewController.swift in Sources */,
				D43D27671AF98B8A0077B3AB /* AppDelegate.swift in Sources */,
			);
			runOnlyForDeploymentPostprocessing = 0;
		};
		D43D27721AF98B8A0077B3AB /* Sources */ = {
			isa = PBXSourcesBuildPhase;
			buildActionMask = 2147483647;
			files = (
				D43D277D1AF98B8A0077B3AB /* Button_FunTests.swift in Sources */,
			);
			runOnlyForDeploymentPostprocessing = 0;
		};
/* End PBXSourcesBuildPhase section */

/* Begin PBXTargetDependency section */
		D43D27781AF98B8A0077B3AB /* PBXTargetDependency */ = {
			isa = PBXTargetDependency;
			target = D43D27601AF98B8A0077B3AB /* Button Fun */;
			targetProxy = D43D27771AF98B8A0077B3AB /* PBXContainerItemProxy */;
		};
/* End PBXTargetDependency section */

/* Begin PBXVariantGroup section */
		D43D276A1AF98B8A0077B3AB /* Main.storyboard */ = {
			isa = PBXVariantGroup;
			children = (
				D43D276B1AF98B8A0077B3AB /* Base */,
			);
			name = Main.storyboard;
			sourceTree = "<group>";
		};
		D43D276F1AF98B8A0077B3AB /* LaunchScreen.xib */ = {
			isa = PBXVariantGroup;
			children = (
				D43D27701AF98B8A0077B3AB /* Base */,
			);
			name = LaunchScreen.xib;
			sourceTree = "<group>";
		};
/* End PBXVariantGroup section */

/* Begin XCBuildConfiguration section */
		D43D277E1AF98B8A0077B3AB /* Debug */ = {
			isa = XCBuildConfiguration;
			buildSettings = {
				ALWAYS_SEARCH_USER_PATHS = NO;
				CLANG_CXX_LANGUAGE_STANDARD = "gnu++0x";
				CLANG_CXX_LIBRARY = "libc++";
				CLANG_ENABLE_MODULES = YES;
				CLANG_ENABLE_OBJC_ARC = YES;
				CLANG_WARN_BOOL_CONVERSION = YES;
				CLANG_WARN_CONSTANT_CONVERSION = YES;
				CLANG_WARN_DIRECT_OBJC_ISA_USAGE = YES_ERROR;
				CLANG_WARN_EMPTY_BODY = YES;
				CLANG_WARN_ENUM_CONVERSION = YES;
				CLANG_WARN_INT_CONVERSION = YES;
				CLANG_WARN_OBJC_ROOT_CLASS = YES_ERROR;
				CLANG_WARN_UNREACHABLE_CODE = YES;
				CLANG_WARN__DUPLICATE_METHOD_MATCH = YES;
				"CODE_SIGN_IDENTITY[sdk=iphoneos*]" = "iPhone Developer";
				COPY_PHASE_STRIP = NO;
				DEBUG_INFORMATION_FORMAT = "dwarf-with-dsym";
				ENABLE_STRICT_OBJC_MSGSEND = YES;
				GCC_C_LANGUAGE_STANDARD = gnu99;
				GCC_DYNAMIC_NO_PIC = NO;
				GCC_NO_COMMON_BLOCKS = YES;
				GCC_OPTIMIZATION_LEVEL = 0;
				GCC_PREPROCESSOR_DEFINITIONS = (
					"DEBUG=1",
					"$(inherited)",
				);
				GCC_SYMBOLS_PRIVATE_EXTERN = NO;
				GCC_WARN_64_TO_32_BIT_CONVERSION = YES;
				GCC_WARN_ABOUT_RETURN_TYPE = YES_ERROR;
				GCC_WARN_UNDECLARED_SELECTOR = YES;
				GCC_WARN_UNINITIALIZED_AUTOS = YES_AGGRESSIVE;
				GCC_WARN_UNUSED_FUNCTION = YES;
				GCC_WARN_UNUSED_VARIABLE = YES;
				IPHONEOS_DEPLOYMENT_TARGET = 8.3;
				MTL_ENABLE_DEBUG_INFO = YES;
				ONLY_ACTIVE_ARCH = YES;
				SDKROOT = iphoneos;
				SWIFT_OPTIMIZATION_LEVEL = "-Onone";
				TARGETED_DEVICE_FAMILY = "1,2";
			};
			name = Debug;
		};
		D43D277F1AF98B8A0077B3AB /* Release */ = {
			isa = XCBuildConfiguration;
			buildSettings = {
				ALWAYS_SEARCH_USER_PATHS = NO;
				CLANG_CXX_LANGUAGE_STANDARD = "gnu++0x";
				CLANG_CXX_LIBRARY = "libc++";
				CLANG_ENABLE_MODULES = YES;
				CLANG_ENABLE_OBJC_ARC = YES;
				CLANG_WARN_BOOL_CONVERSION = YES;
				CLANG_WARN_CONSTANT_CONVERSION = YES;
				CLANG_WARN_DIRECT_OBJC_ISA_USAGE = YES_ERROR;
				CLANG_WARN_EMPTY_BODY = YES;
				CLANG_WARN_ENUM_CONVERSION = YES;
				CLANG_WARN_INT_CONVERSION = YES;
				CLANG_WARN_OBJC_ROOT_CLASS = YES_ERROR;
				CLANG_WARN_UNREACHABLE_CODE = YES;
				CLANG_WARN__DUPLICATE_METHOD_MATCH = YES;
				"CODE_SIGN_IDENTITY[sdk=iphoneos*]" = "iPhone Developer";
				COPY_PHASE_STRIP = NO;
				DEBUG_INFORMATION_FORMAT = "dwarf-with-dsym";
				ENABLE_NS_ASSERTIONS = NO;
				ENABLE_STRICT_OBJC_MSGSEND = YES;
				GCC_C_LANGUAGE_STANDARD = gnu99;
				GCC_NO_COMMON_BLOCKS = YES;
				GCC_WARN_64_TO_32_BIT_CONVERSION = YES;
				GCC_WARN_ABOUT_RETURN_TYPE = YES_ERROR;
				GCC_WARN_UNDECLARED_SELECTOR = YES;
				GCC_WARN_UNINITIALIZED_AUTOS = YES_AGGRESSIVE;
				GCC_WARN_UNUSED_FUNCTION = YES;
				GCC_WARN_UNUSED_VARIABLE = YES;
				IPHONEOS_DEPLOYMENT_TARGET = 8.3;
				MTL_ENABLE_DEBUG_INFO = NO;
				SDKROOT = iphoneos;
				TARGETED_DEVICE_FAMILY = "1,2";
				VALIDATE_PRODUCT = YES;
			};
			name = Release;
		};
		D43D27811AF98B8A0077B3AB /* Debug */ = {
			isa = XCBuildConfiguration;
			buildSettings = {
				ASSETCATALOG_COMPILER_APPICON_NAME = AppIcon;
				INFOPLIST_FILE = "Button Fun/Info.plist";
				LD_RUNPATH_SEARCH_PATHS = "$(inherited) @executable_path/Frameworks";
				PRODUCT_NAME = "$(TARGET_NAME)";
			};
			name = Debug;
		};
		D43D27821AF98B8A0077B3AB /* Release */ = {
			isa = XCBuildConfiguration;
			buildSettings = {
				ASSETCATALOG_COMPILER_APPICON_NAME = AppIcon;
				INFOPLIST_FILE = "Button Fun/Info.plist";
				LD_RUNPATH_SEARCH_PATHS = "$(inherited) @executable_path/Frameworks";
				PRODUCT_NAME = "$(TARGET_NAME)";
			};
			name = Release;
		};
		D43D27841AF98B8A0077B3AB /* Debug */ = {
			isa = XCBuildConfiguration;
			buildSettings = {
				BUNDLE_LOADER = "$(TEST_HOST)";
				FRAMEWORK_SEARCH_PATHS = (
					"$(SDKROOT)/Developer/Library/Frameworks",
					"$(inherited)",
				);
				GCC_PREPROCESSOR_DEFINITIONS = (
					"DEBUG=1",
					"$(inherited)",
				);
				INFOPLIST_FILE = "Button FunTests/Info.plist";
				LD_RUNPATH_SEARCH_PATHS = "$(inherited) @executable_path/Frameworks @loader_path/Frameworks";
				PRODUCT_NAME = "$(TARGET_NAME)";
				TEST_HOST = "$(BUILT_PRODUCTS_DIR)/Button Fun.app/Button Fun";
			};
			name = Debug;
		};
		D43D27851AF98B8A0077B3AB /* Release */ = {
			isa = XCBuildConfiguration;
			buildSettings = {
				BUNDLE_LOADER = "$(TEST_HOST)";
				FRAMEWORK_SEARCH_PATHS = (
					"$(SDKROOT)/Developer/Library/Frameworks",
					"$(inherited)",
				);
				INFOPLIST_FILE = "Button FunTests/Info.plist";
				LD_RUNPATH_SEARCH_PATHS = "$(inherited) @executable_path/Frameworks @loader_path/Frameworks";
				PRODUCT_NAME = "$(TARGET_NAME)";
				TEST_HOST = "$(BUILT_PRODUCTS_DIR)/Button Fun.app/Button Fun";
			};
			name = Release;
		};
/* End XCBuildConfiguration section */

/* Begin XCConfigurationList section */
		D43D275C1AF98B8A0077B3AB /* Build configuration list for PBXProject "Button Fun" */ = {
			isa = XCConfigurationList;
			buildConfigurations = (
				D43D277E1AF98B8A0077B3AB /* Debug */,
				D43D277F1AF98B8A0077B3AB /* Release */,
			);
			defaultConfigurationIsVisible = 0;
			defaultConfigurationName = Release;
		};
		D43D27801AF98B8A0077B3AB /* Build configuration list for PBXNativeTarget "Button Fun" */ = {
			isa = XCConfigurationList;
			buildConfigurations = (
				D43D27811AF98B8A0077B3AB /* Debug */,
				D43D27821AF98B8A0077B3AB /* Release */,
			);
			defaultConfigurationIsVisible = 0;
		};
		D43D27831AF98B8A0077B3AB /* Build configuration list for PBXNativeTarget "Button FunTests" */ = {
			isa = XCConfigurationList;
			buildConfigurations = (
				D43D27841AF98B8A0077B3AB /* Debug */,
				D43D27851AF98B8A0077B3AB /* Release */,
			);
			defaultConfigurationIsVisible = 0;
		};
/* End XCConfigurationList section */
	};
	rootObject = D43D27591AF98B8A0077B3AB /* Project object */;
}
